
Microsoft Visual Studio Solution File, Format Version 12.00
# Visual Studio Version 17
VisualStudioVersion = 17.3.32825.248
MinimumVisualStudioVersion = 10.0.40219.1
Project("{9A19103F-16F7-4668-BE54-9A1E7A4F7556}") = "AppCitasUnitTest", "AppCitasUnitTest.csproj", "{75A785DD-818A-4AFC-A113-4AD2CE6E52DF}"
EndProject
Global
	GlobalSection(SolutionConfigurationPlatforms) = preSolution
		Debug|Any CPU = Debug|Any CPU
		Release|Any CPU = Release|Any CPU
	EndGlobalSection
	GlobalSection(ProjectConfigurationPlatforms) = postSolution
		{75A785DD-818A-4AFC-A113-4AD2CE6E52DF}.Debug|Any CPU.ActiveCfg = Debug|Any CPU
		{75A785DD-818A-4AFC-A113-4AD2CE6E52DF}.Debug|Any CPU.Build.0 = Debug|Any CPU
		{75A785DD-818A-4AFC-A113-4AD2CE6E52DF}.Release|Any CPU.ActiveCfg = Release|Any CPU
		{75A785DD-818A-4AFC-A113-4AD2CE6E52DF}.Release|Any CPU.Build.0 = Release|Any CPU
	EndGlobalSection
	GlobalSection(SolutionProperties) = preSolution
		HideSolutionNode = FALSE
	EndGlobalSection
	GlobalSection(ExtensibilityGlobals) = postSolution
		SolutionGuid = {F8CED6A8-3EC9-417D-AF93-7463CDA7A6F0}
	EndGlobalSection
EndGlobal
